
Microsoft Visual Studio Solution File, Format Version 12.00
# Visual Studio Version 16
VisualStudioVersion = 16.0.29613.14
MinimumVisualStudioVersion = 10.0.40219.1
Project("{FAE04EC0-301F-11D3-BF4B-00C04F79EFBC}") = "SelfServe", "SelfServe\SelfServe.csproj", "{58DC7FEA-CE5D-4E83-BB9C-52E5BA8A1090}"
EndProject
Global
	GlobalSection(SolutionConfigurationPlatforms) = preSolution
		Debug|Any CPU = Debug|Any CPU
		Release|Any CPU = Release|Any CPU
	EndGlobalSection
	GlobalSection(ProjectConfigurationPlatforms) = postSolution
		{58DC7FEA-CE5D-4E83-BB9C-52E5BA8A1090}.Debug|Any CPU.ActiveCfg = Debug|Any CPU
		{58DC7FEA-CE5D-4E83-BB9C-52E5BA8A1090}.Debug|Any CPU.Build.0 = Debug|Any CPU
		{58DC7FEA-CE5D-4E83-BB9C-52E5BA8A1090}.Release|Any CPU.ActiveCfg = Release|Any CPU
		{58DC7FEA-CE5D-4E83-BB9C-52E5BA8A1090}.Release|Any CPU.Build.0 = Release|Any CPU
	EndGlobalSection
	GlobalSection(SolutionProperties) = preSolution
		HideSolutionNode = FALSE
	EndGlobalSection
	GlobalSection(ExtensibilityGlobals) = postSolution
		SolutionGuid = {59D4126C-D5D6-4486-8EA5-F8F1B58CDF92}
	EndGlobalSection
EndGlobal
